// !$*UTF8*$!
{
	archiveVersion = 1;
	classes = {
	};
	objectVersion = 46;
	objects = {

/* Begin PBXBuildFile section */
		6965B63289BDEF00C089FAF8 /* libPods-WKWebViewJSDemo.a in Frameworks */ = {isa = PBXBuildFile; fileRef = 5684AC1496F0B15CBADBFC14 /* libPods-WKWebViewJSDemo.a */; };
		B14319E41F4B058B00FF51F0 /* main.m in Sources */ = {isa = PBXBuildFile; fileRef = B14319E31F4B058B00FF51F0 /* main.m */; };
		B14319E71F4B058B00FF51F0 /* AppDelegate.m in Sources */ = {isa = PBXBuildFile; fileRef = B14319E61F4B058B00FF51F0 /* AppDelegate.m */; };
		B14319EA1F4B058B00FF51F0 /* ViewController.m in Sources */ = {isa = PBXBuildFile; fileRef = B14319E91F4B058B00FF51F0 /* ViewController.m */; };
		B14319ED1F4B058B00FF51F0 /* Main.storyboard in Resources */ = {isa = PBXBuildFile; fileRef = B14319EB1F4B058B00FF51F0 /* Main.storyboard */; };
		B14319EF1F4B058B00FF51F0 /* Assets.xcassets in Resources */ = {isa = PBXBuildFile; fileRef = B14319EE1F4B058B00FF51F0 /* Assets.xcassets */; };
		B14319F21F4B058B00FF51F0 /* LaunchScreen.storyboard in Resources */ = {isa = PBXBuildFile; fileRef = B14319F01F4B058B00FF51F0 /* LaunchScreen.storyboard */; };
		B14319FC1F4B05F400FF51F0 /* MyJSInterface.m in Sources */ = {isa = PBXBuildFile; fileRef = B14319FA1F4B05F400FF51F0 /* MyJSInterface.m */; };
		B14319FD1F4B05F400FF51F0 /* test.html in Resources */ = {isa = PBXBuildFile; fileRef = B14319FB1F4B05F400FF51F0 /* test.html */; };
/* End PBXBuildFile section */

/* Begin PBXFileReference section */
		5684AC1496F0B15CBADBFC14 /* libPods-WKWebViewJSDemo.a */ = {isa = PBXFileReference; explicitFileType = archive.ar; includeInIndex = 0; path = "libPods-WKWebViewJSDemo.a"; sourceTree = BUILT_PRODUCTS_DIR; };
		700A99161D7E0E7635458CA0 /* Pods-WKWebViewJSDemo.debug.xcconfig */ = {isa = PBXFileReference; includeInIndex = 1; lastKnownFileType = text.xcconfig; name = "Pods-WKWebViewJSDemo.debug.xcconfig"; path = "Pods/Target Support Files/Pods-WKWebViewJSDemo/Pods-WKWebViewJSDemo.debug.xcconfig"; sourceTree = "<group>"; };
		859A50790E673A208BD2E9A5 /* Pods-WKWebViewJSDemo.release.xcconfig */ = {isa = PBXFileReference; includeInIndex = 1; lastKnownFileType = text.xcconfig; name = "Pods-WKWebViewJSDemo.release.xcconfig"; path = "Pods/Target Support Files/Pods-WKWebViewJSDemo/Pods-WKWebViewJSDemo.release.xcconfig"; sourceTree = "<group>"; };
		B14319DF1F4B058B00FF51F0 /* WKWebViewJSDemo.app */ = {isa = PBXFileReference; explicitFileType = wrapper.application; includeInIndex = 0; path = WKWebViewJSDemo.app; sourceTree = BUILT_PRODUCTS_DIR; };
		B14319E31F4B058B00FF51F0 /* main.m */ = {isa = PBXFileReference; lastKnownFileType = sourcecode.c.objc; path = main.m; sourceTree = "<group>"; };
		B14319E51F4B058B00FF51F0 /* AppDelegate.h */ = {isa = PBXFileReference; lastKnownFileType = sourcecode.c.h; path = AppDelegate.h; sourceTree = "<group>"; };
		B14319E61F4B058B00FF51F0 /* AppDelegate.m */ = {isa = PBXFileReference; lastKnownFileType = sourcecode.c.objc; path = AppDelegate.m; sourceTree = "<group>"; };
		B14319E81F4B058B00FF51F0 /* ViewController.h */ = {isa = PBXFileReference; lastKnownFileType = sourcecode.c.h; path = ViewController.h; sourceTree = "<group>"; };
		B14319E91F4B058B00FF51F0 /* ViewController.m */ = {isa = PBXFileReference; lastKnownFileType = sourcecode.c.objc; path = ViewController.m; sourceTree = "<group>"; };
		B14319EC1F4B058B00FF51F0 /* Base */ = {isa = PBXFileReference; lastKnownFileType = file.storyboard; name = Base; path = Base.lproj/Main.storyboard; sourceTree = "<group>"; };
		B14319EE1F4B058B00FF51F0 /* Assets.xcassets */ = {isa = PBXFileReference; lastKnownFileType = folder.assetcatalog; path = Assets.xcassets; sourceTree = "<group>"; };
		B14319F11F4B058B00FF51F0 /* Base */ = {isa = PBXFileReference; lastKnownFileType = file.storyboard; name = Base; path = Base.lproj/LaunchScreen.storyboard; sourceTree = "<group>"; };
		B14319F31F4B058B00FF51F0 /* Info.plist */ = {isa = PBXFileReference; lastKnownFileType = text.plist.xml; path = Info.plist; sourceTree = "<group>"; };
		B14319F91F4B05F400FF51F0 /* MyJSInterface.h */ = {isa = PBXFileReference; fileEncoding = 4; lastKnownFileType = sourcecode.c.h; path = MyJSInterface.h; sourceTree = "<group>"; };
		B14319FA1F4B05F400FF51F0 /* MyJSInterface.m */ = {isa = PBXFileReference; fileEncoding = 4; lastKnownFileType = sourcecode.c.objc; path = MyJSInterface.m; sourceTree = "<group>"; };
		B14319FB1F4B05F400FF51F0 /* test.html */ = {isa = PBXFileReference; fileEncoding = 4; lastKnownFileType = text.html; path = test.html; sourceTree = "<group>"; };
/* End PBXFileReference section */

/* Begin PBXFrameworksBuildPhase section */
		B14319DC1F4B058B00FF51F0 /* Frameworks */ = {
			isa = PBXFrameworksBuildPhase;
			buildActionMask = 2147483647;
			files = (
				6965B63289BDEF00C089FAF8 /* libPods-WKWebViewJSDemo.a in Frameworks */,
			);
			runOnlyForDeploymentPostprocessing = 0;
		};
/* End PBXFrameworksBuildPhase section */

/* Begin PBXGroup section */
		A76180E36A8FE08711EBC3B9 /* Frameworks */ = {
			isa = PBXGroup;
			children = (
				5684AC1496F0B15CBADBFC14 /* libPods-WKWebViewJSDemo.a */,
			);
			name = Frameworks;
			sourceTree = "<group>";
		};
		A9F43A7ABA7BF9ABC3EBB94E /* Pods */ = {
			isa = PBXGroup;
			children = (
				700A99161D7E0E7635458CA0 /* Pods-WKWebViewJSDemo.debug.xcconfig */,
				859A50790E673A208BD2E9A5 /* Pods-WKWebViewJSDemo.release.xcconfig */,
			);
			name = Pods;
			sourceTree = "<group>";
		};
		B14319D61F4B058B00FF51F0 = {
			isa = PBXGroup;
			children = (
				B14319E11F4B058B00FF51F0 /* WKWebViewJSDemo */,
				B14319E01F4B058B00FF51F0 /* Products */,
				A9F43A7ABA7BF9ABC3EBB94E /* Pods */,
				A76180E36A8FE08711EBC3B9 /* Frameworks */,
			);
			sourceTree = "<group>";
		};
		B14319E01F4B058B00FF51F0 /* Products */ = {
			isa = PBXGroup;
			children = (
				B14319DF1F4B058B00FF51F0 /* WKWebViewJSDemo.app */,
			);
			name = Products;
			sourceTree = "<group>";
		};
		B14319E11F4B058B00FF51F0 /* WKWebViewJSDemo */ = {
			isa = PBXGroup;
			children = (
				B14319E51F4B058B00FF51F0 /* AppDelegate.h */,
				B14319E61F4B058B00FF51F0 /* AppDelegate.m */,
				B14319E81F4B058B00FF51F0 /* ViewController.h */,
				B14319E91F4B058B00FF51F0 /* ViewController.m */,
				B14319F91F4B05F400FF51F0 /* MyJSInterface.h */,
				B14319FA1F4B05F400FF51F0 /* MyJSInterface.m */,
				B14319FB1F4B05F400FF51F0 /* test.html */,
				B14319EB1F4B058B00FF51F0 /* Main.storyboard */,
				B14319EE1F4B058B00FF51F0 /* Assets.xcassets */,
				B14319F01F4B058B00FF51F0 /* LaunchScreen.storyboard */,
				B14319F31F4B058B00FF51F0 /* Info.plist */,
				B14319E21F4B058B00FF51F0 /* Supporting Files */,
			);
			path = WKWebViewJSDemo;
			sourceTree = "<group>";
		};
		B14319E21F4B058B00FF51F0 /* Supporting Files */ = {
			isa = PBXGroup;
			children = (
				B14319E31F4B058B00FF51F0 /* main.m */,
			);
			name = "Supporting Files";
			sourceTree = "<group>";
		};
/* End PBXGroup section */

/* Begin PBXNativeTarget section */
		B14319DE1F4B058B00FF51F0 /* WKWebViewJSDemo */ = {
			isa = PBXNativeTarget;
			buildConfigurationList = B14319F61F4B058B00FF51F0 /* Build configuration list for PBXNativeTarget "WKWebViewJSDemo" */;
			buildPhases = (
				A501246921BE4F63C1E11065 /* [CP] Check Pods Manifest.lock */,
				B14319DB1F4B058B00FF51F0 /* Sources */,
				B14319DC1F4B058B00FF51F0 /* Frameworks */,
				B14319DD1F4B058B00FF51F0 /* Resources */,
				1868CF500F4BBF2CA61C206F /* [CP] Embed Pods Frameworks */,
				B44E482C109F8910CF19E4A8 /* [CP] Copy Pods Resources */,
			);
			buildRules = (
			);
			dependencies = (
			);
			name = WKWebViewJSDemo;
			productName = WKWebViewJSDemo;
			productReference = B14319DF1F4B058B00FF51F0 /* WKWebViewJSDemo.app */;
			productType = "com.apple.product-type.application";
		};
/* End PBXNativeTarget section */

/* Begin PBXProject section */
		B14319D71F4B058B00FF51F0 /* Project object */ = {
			isa = PBXProject;
			attributes = {
				LastUpgradeCheck = 0830;
				ORGANIZATIONNAME = zhs;
				TargetAttributes = {
					B14319DE1F4B058B00FF51F0 = {
						CreatedOnToolsVersion = 8.3.3;
						ProvisioningStyle = Automatic;
					};
				};
			};
			buildConfigurationList = B14319DA1F4B058B00FF51F0 /* Build configuration list for PBXProject "WKWebViewJSDemo" */;
			compatibilityVersion = "Xcode 3.2";
			developmentRegion = English;
			hasScannedForEncodings = 0;
			knownRegions = (
				en,
				Base,
			);
			mainGroup = B14319D61F4B058B00FF51F0;
			productRefGroup = B14319E01F4B058B00FF51F0 /* Products */;
			projectDirPath = "";
			projectRoot = "";
			targets = (
				B14319DE1F4B058B00FF51F0 /* WKWebViewJSDemo */,
			);
		};
/* End PBXProject section */

/* Begin PBXResourcesBuildPhase section */
		B14319DD1F4B058B00FF51F0 /* Resources */ = {
			isa = PBXResourcesBuildPhase;
			buildActionMask = 2147483647;
			files = (
				B14319FD1F4B05F400FF51F0 /* test.html in Resources */,
				B14319F21F4B058B00FF51F0 /* LaunchScreen.storyboard in Resources */,
				B14319EF1F4B058B00FF51F0 /* Assets.xcassets in Resources */,
				B14319ED1F4B058B00FF51F0 /* Main.storyboard in Resources */,
			);
			runOnlyForDeploymentPostprocessing = 0;
		};
/* End PBXResourcesBuildPhase section */

/* Begin PBXShellScriptBuildPhase section */
		1868CF500F4BBF2CA61C206F /* [CP] Embed Pods Frameworks */ = {
			isa = PBXShellScriptBuildPhase;
			buildActionMask = 2147483647;
			files = (
			);
			inputPaths = (
			);
			name = "[CP] Embed Pods Frameworks";
			outputPaths = (
			);
			runOnlyForDeploymentPostprocessing = 0;
			shellPath = /bin/sh;
			shellScript = "\"${SRCROOT}/Pods/Target Support Files/Pods-WKWebViewJSDemo/Pods-WKWebViewJSDemo-frameworks.sh\"\n";
			showEnvVarsInLog = 0;
		};
		A501246921BE4F63C1E11065 /* [CP] Check Pods Manifest.lock */ = {
			isa = PBXShellScriptBuildPhase;
			buildActionMask = 2147483647;
			files = (
			);
			inputPaths = (
				"${PODS_PODFILE_DIR_PATH}/Podfile.lock",
				"${PODS_ROOT}/Manifest.lock",
			);
			name = "[CP] Check Pods Manifest.lock";
			outputPaths = (
				"$(DERIVED_FILE_DIR)/Pods-WKWebViewJSDemo-checkManifestLockResult.txt",
			);
			runOnlyForDeploymentPostprocessing = 0;
			shellPath = /bin/sh;
			shellScript = "diff \"${PODS_PODFILE_DIR_PATH}/Podfile.lock\" \"${PODS_ROOT}/Manifest.lock\" > /dev/null\nif [ $? != 0 ] ; then\n    # print error to STDERR\n    echo \"error: The sandbox is not in sync with the Podfile.lock. Run 'pod install' or update your CocoaPods installation.\" >&2\n    exit 1\nfi\n# This output is used by Xcode 'outputs' to avoid re-running this script phase.\necho \"SUCCESS\" > \"${SCRIPT_OUTPUT_FILE_0}\"\n";
			showEnvVarsInLog = 0;
		};
		B44E482C109F8910CF19E4A8 /* [CP] Copy Pods Resources */ = {
			isa = PBXShellScriptBuildPhase;
			buildActionMask = 2147483647;
			files = (
			);
			inputPaths = (
			);
			name = "[CP] Copy Pods Resources";
			outputPaths = (
			);
			runOnlyForDeploymentPostprocessing = 0;
			shellPath = /bin/sh;
			shellScript = "\"${SRCROOT}/Pods/Target Support Files/Pods-WKWebViewJSDemo/Pods-WKWebViewJSDemo-resources.sh\"\n";
			showEnvVarsInLog = 0;
		};
/* End PBXShellScriptBuildPhase section */

/* Begin PBXSourcesBuildPhase section */
		B14319DB1F4B058B00FF51F0 /* Sources */ = {
			isa = PBXSourcesBuildPhase;
			buildActionMask = 2147483647;
			files = (
				B14319EA1F4B058B00FF51F0 /* ViewController.m in Sources */,
				B14319E71F4B058B00FF51F0 /* AppDelegate.m in Sources */,
				B14319FC1F4B05F400FF51F0 /* MyJSInterface.m in Sources */,
				B14319E41F4B058B00FF51F0 /* main.m in Sources */,
			);
			runOnlyForDeploymentPostprocessing = 0;
		};
/* End PBXSourcesBuildPhase section */

/* Begin PBXVariantGroup section */
		B14319EB1F4B058B00FF51F0 /* Main.storyboard */ = {
			isa = PBXVariantGroup;
			children = (
				B14319EC1F4B058B00FF51F0 /* Base */,
			);
			name = Main.storyboard;
			sourceTree = "<group>";
		};
		B14319F01F4B058B00FF51F0 /* LaunchScreen.storyboard */ = {
			isa = PBXVariantGroup;
			children = (
				B14319F11F4B058B00FF51F0 /* Base */,
			);
			name = LaunchScreen.storyboard;
			sourceTree = "<group>";
		};
/* End PBXVariantGroup section */

/* Begin XCBuildConfiguration section */
		B14319F41F4B058B00FF51F0 /* Debug */ = {
			isa = XCBuildConfiguration;
			buildSettings = {
				ALWAYS_SEARCH_USER_PATHS = NO;
				CLANG_ANALYZER_NONNULL = YES;
				CLANG_ANALYZER_NUMBER_OBJECT_CONVERSION = YES_AGGRESSIVE;
				CLANG_CXX_LANGUAGE_STANDARD = "gnu++0x";
				CLANG_CXX_LIBRARY = "libc++";
				CLANG_ENABLE_MODULES = YES;
				CLANG_ENABLE_OBJC_ARC = YES;
				CLANG_WARN_BOOL_CONVERSION = YES;
				CLANG_WARN_CONSTANT_CONVERSION = YES;
				CLANG_WARN_DIRECT_OBJC_ISA_USAGE = YES_ERROR;
				CLANG_WARN_DOCUMENTATION_COMMENTS = YES;
				CLANG_WARN_EMPTY_BODY = YES;
				CLANG_WARN_ENUM_CONVERSION = YES;
				CLANG_WARN_INFINITE_RECURSION = YES;
				CLANG_WARN_INT_CONVERSION = YES;
				CLANG_WARN_OBJC_ROOT_CLASS = YES_ERROR;
				CLANG_WARN_SUSPICIOUS_MOVE = YES;
				CLANG_WARN_UNREACHABLE_CODE = YES;
				CLANG_WARN__DUPLICATE_METHOD_MATCH = YES;
				"CODE_SIGN_IDENTITY[sdk=iphoneos*]" = "iPhone Developer";
				COPY_PHASE_STRIP = NO;
				DEBUG_INFORMATION_FORMAT = dwarf;
				ENABLE_STRICT_OBJC_MSGSEND = YES;
				ENABLE_TESTABILITY = YES;
				GCC_C_LANGUAGE_STANDARD = gnu99;
				GCC_DYNAMIC_NO_PIC = NO;
				GCC_NO_COMMON_BLOCKS = YES;
				GCC_OPTIMIZATION_LEVEL = 0;
				GCC_PREPROCESSOR_DEFINITIONS = (
					"DEBUG=1",
					"$(inherited)",
				);
				GCC_WARN_64_TO_32_BIT_CONVERSION = YES;
				GCC_WARN_ABOUT_RETURN_TYPE = YES_ERROR;
				GCC_WARN_UNDECLARED_SELECTOR = YES;
				GCC_WARN_UNINITIALIZED_AUTOS = YES_AGGRESSIVE;
				GCC_WARN_UNUSED_FUNCTION = YES;
				GCC_WARN_UNUSED_VARIABLE = YES;
				IPHONEOS_DEPLOYMENT_TARGET = 10.3;
				MTL_ENABLE_DEBUG_INFO = YES;
				ONLY_ACTIVE_ARCH = YES;
				SDKROOT = iphoneos;
			};
			name = Debug;
		};
		B14319F51F4B058B00FF51F0 /* Release */ = {
			isa = XCBuildConfiguration;
			buildSettings = {
				ALWAYS_SEARCH_USER_PATHS = NO;
				CLANG_ANALYZER_NONNULL = YES;
				CLANG_ANALYZER_NUMBER_OBJECT_CONVERSION = YES_AGGRESSIVE;
				CLANG_CXX_LANGUAGE_STANDARD = "gnu++0x";
				CLANG_CXX_LIBRARY = "libc++";
				CLANG_ENABLE_MODULES = YES;
				CLANG_ENABLE_OBJC_ARC = YES;
				CLANG_WARN_BOOL_CONVERSION = YES;
				CLANG_WARN_CONSTANT_CONVERSION = YES;
				CLANG_WARN_DIRECT_OBJC_ISA_USAGE = YES_ERROR;
				CLANG_WARN_DOCUMENTATION_COMMENTS = YES;
				CLANG_WARN_EMPTY_BODY = YES;
				CLANG_WARN_ENUM_CONVERSION = YES;
				CLANG_WARN_INFINITE_RECURSION = YES;
				CLANG_WARN_INT_CONVERSION = YES;
				CLANG_WARN_OBJC_ROOT_CLASS = YES_ERROR;
				CLANG_WARN_SUSPICIOUS_MOVE = YES;
				CLANG_WARN_UNREACHABLE_CODE = YES;
				CLANG_WARN__DUPLICATE_METHOD_MATCH = YES;
				"CODE_SIGN_IDENTITY[sdk=iphoneos*]" = "iPhone Developer";
				COPY_PHASE_STRIP = NO;
				DEBUG_INFORMATION_FORMAT = "dwarf-with-dsym";
				ENABLE_NS_ASSERTIONS = NO;
				ENABLE_STRICT_OBJC_MSGSEND = YES;
				GCC_C_LANGUAGE_STANDARD = gnu99;
				GCC_NO_COMMON_BLOCKS = YES;
				GCC_WARN_64_TO_32_BIT_CONVERSION = YES;
				GCC_WARN_ABOUT_RETURN_TYPE = YES_ERROR;
				GCC_WARN_UNDECLARED_SELECTOR = YES;
				GCC_WARN_UNINITIALIZED_AUTOS = YES_AGGRESSIVE;
				GCC_WARN_UNUSED_FUNCTION = YES;
				GCC_WARN_UNUSED_VARIABLE = YES;
				IPHONEOS_DEPLOYMENT_TARGET = 10.3;
				MTL_ENABLE_DEBUG_INFO = NO;
				SDKROOT = iphoneos;
				VALIDATE_PRODUCT = YES;
			};
			name = Release;
		};
		B14319F71F4B058B00FF51F0 /* Debug */ = {
			isa = XCBuildConfiguration;
			baseConfigurationReference = 700A99161D7E0E7635458CA0 /* Pods-WKWebViewJSDemo.debug.xcconfig */;
			buildSettings = {
				ASSETCATALOG_COMPILER_APPICON_NAME = AppIcon;
				INFOPLIST_FILE = WKWebViewJSDemo/Info.plist;
				LD_RUNPATH_SEARCH_PATHS = "$(inherited) @executable_path/Frameworks";
				PRODUCT_BUNDLE_IDENTIFIER = demo.WKWebViewJSDemo;
				PRODUCT_NAME = "$(TARGET_NAME)";
			};
			name = Debug;
		};
		B14319F81F4B058B00FF51F0 /* Release */ = {
			isa = XCBuildConfiguration;
			baseConfigurationReference = 859A50790E673A208BD2E9A5 /* Pods-WKWebViewJSDemo.release.xcconfig */;
			buildSettings = {
				ASSETCATALOG_COMPILER_APPICON_NAME = AppIcon;
				INFOPLIST_FILE = WKWebViewJSDemo/Info.plist;
				LD_RUNPATH_SEARCH_PATHS = "$(inherited) @executable_path/Frameworks";
				PRODUCT_BUNDLE_IDENTIFIER = demo.WKWebViewJSDemo;
				PRODUCT_NAME = "$(TARGET_NAME)";
			};
			name = Release;
		};
/* End XCBuildConfiguration section */

/* Begin XCConfigurationList section */
		B14319DA1F4B058B00FF51F0 /* Build configuration list for PBXProject "WKWebViewJSDemo" */ = {
			isa = XCConfigurationList;
			buildConfigurations = (
				B14319F41F4B058B00FF51F0 /* Debug */,
				B14319F51F4B058B00FF51F0 /* Release */,
			);
			defaultConfigurationIsVisible = 0;
			defaultConfigurationName = Release;
		};
		B14319F61F4B058B00FF51F0 /* Build configuration list for PBXNativeTarget "WKWebViewJSDemo" */ = {
			isa = XCConfigurationList;
			buildConfigurations = (
				B14319F71F4B058B00FF51F0 /* Debug */,
				B14319F81F4B058B00FF51F0 /* Release */,
			);
			defaultConfigurationIsVisible = 0;
			defaultConfigurationName = Release;
		};
/* End XCConfigurationList section */
	};
	rootObject = B14319D71F4B058B00FF51F0 /* Project object */;
}
